
Microsoft Visual Studio Solution File, Format Version 12.00
# Visual Studio 15
VisualStudioVersion = 15.0.26228.9
MinimumVisualStudioVersion = 10.0.40219.1
Project("{FAE04EC0-301F-11D3-BF4B-00C04F79EFBC}") = "ModernStore.Domain", "ModernStore.Domain\ModernStore.Domain.csproj", "{C28FD420-AF1A-42F1-A64C-47673BB000F2}"
EndProject
Project("{FAE04EC0-301F-11D3-BF4B-00C04F79EFBC}") = "ModernStore.Shared", "ModernStore.Shared\ModernStore.Shared.csproj", "{274E96D4-C5AB-4CC5-8A8E-DC769918402A}"
EndProject
Project("{FAE04EC0-301F-11D3-BF4B-00C04F79EFBC}") = "ModernStore.Domain.Tests", "ModernStore.Domain.Tests\ModernStore.Domain.Tests.csproj", "{DEAF66D4-4667-4F30-BE9D-E05FF69D5E49}"
EndProject
Project("{FAE04EC0-301F-11D3-BF4B-00C04F79EFBC}") = "ModernStore.Infra", "ModernStore.Infra\ModernStore.Infra.csproj", "{747267C5-0A57-451A-8F6D-7F723B160CB3}"
EndProject
Project("{2150E333-8FDC-42A3-9474-1A3956D46DE8}") = "1 - API", "1 - API", "{5F4FEA45-862A-45C7-929D-80EE104CA608}"
EndProject
Project("{2150E333-8FDC-42A3-9474-1A3956D46DE8}") = "2 - DOMAIN", "2 - DOMAIN", "{D54D2798-5B59-47D0-9C39-E8D327918D0D}"
EndProject
Project("{2150E333-8FDC-42A3-9474-1A3956D46DE8}") = "3 - INFRA", "3 - INFRA", "{DAC30265-64F7-451E-A9B7-E1EA5458BCDF}"
EndProject
Project("{FAE04EC0-301F-11D3-BF4B-00C04F79EFBC}") = "ModernStore.Api", "ModernStore.Api\ModernStore.Api.csproj", "{4D2C49B9-7D17-4A6E-86B1-25D74838046F}"
EndProject
Global
	GlobalSection(SolutionConfigurationPlatforms) = preSolution
		Debug|Any CPU = Debug|Any CPU
		Release|Any CPU = Release|Any CPU
	EndGlobalSection
	GlobalSection(ProjectConfigurationPlatforms) = postSolution
		{C28FD420-AF1A-42F1-A64C-47673BB000F2}.Debug|Any CPU.ActiveCfg = Debug|Any CPU
		{C28FD420-AF1A-42F1-A64C-47673BB000F2}.Debug|Any CPU.Build.0 = Debug|Any CPU
		{C28FD420-AF1A-42F1-A64C-47673BB000F2}.Release|Any CPU.ActiveCfg = Release|Any CPU
		{C28FD420-AF1A-42F1-A64C-47673BB000F2}.Release|Any CPU.Build.0 = Release|Any CPU
		{274E96D4-C5AB-4CC5-8A8E-DC769918402A}.Debug|Any CPU.ActiveCfg = Debug|Any CPU
		{274E96D4-C5AB-4CC5-8A8E-DC769918402A}.Debug|Any CPU.Build.0 = Debug|Any CPU
		{274E96D4-C5AB-4CC5-8A8E-DC769918402A}.Release|Any CPU.ActiveCfg = Release|Any CPU
		{274E96D4-C5AB-4CC5-8A8E-DC769918402A}.Release|Any CPU.Build.0 = Release|Any CPU
		{DEAF66D4-4667-4F30-BE9D-E05FF69D5E49}.Debug|Any CPU.ActiveCfg = Debug|Any CPU
		{DEAF66D4-4667-4F30-BE9D-E05FF69D5E49}.Debug|Any CPU.Build.0 = Debug|Any CPU
		{DEAF66D4-4667-4F30-BE9D-E05FF69D5E49}.Release|Any CPU.ActiveCfg = Release|Any CPU
		{DEAF66D4-4667-4F30-BE9D-E05FF69D5E49}.Release|Any CPU.Build.0 = Release|Any CPU
		{747267C5-0A57-451A-8F6D-7F723B160CB3}.Debug|Any CPU.ActiveCfg = Debug|Any CPU
		{747267C5-0A57-451A-8F6D-7F723B160CB3}.Debug|Any CPU.Build.0 = Debug|Any CPU
		{747267C5-0A57-451A-8F6D-7F723B160CB3}.Release|Any CPU.ActiveCfg = Release|Any CPU
		{747267C5-0A57-451A-8F6D-7F723B160CB3}.Release|Any CPU.Build.0 = Release|Any CPU
		{4D2C49B9-7D17-4A6E-86B1-25D74838046F}.Debug|Any CPU.ActiveCfg = Debug|Any CPU
		{4D2C49B9-7D17-4A6E-86B1-25D74838046F}.Debug|Any CPU.Build.0 = Debug|Any CPU
		{4D2C49B9-7D17-4A6E-86B1-25D74838046F}.Release|Any CPU.ActiveCfg = Release|Any CPU
		{4D2C49B9-7D17-4A6E-86B1-25D74838046F}.Release|Any CPU.Build.0 = Release|Any CPU
	EndGlobalSection
	GlobalSection(SolutionProperties) = preSolution
		HideSolutionNode = FALSE
	EndGlobalSection
	GlobalSection(NestedProjects) = preSolution
		{C28FD420-AF1A-42F1-A64C-47673BB000F2} = {D54D2798-5B59-47D0-9C39-E8D327918D0D}
		{274E96D4-C5AB-4CC5-8A8E-DC769918402A} = {D54D2798-5B59-47D0-9C39-E8D327918D0D}
		{DEAF66D4-4667-4F30-BE9D-E05FF69D5E49} = {D54D2798-5B59-47D0-9C39-E8D327918D0D}
		{747267C5-0A57-451A-8F6D-7F723B160CB3} = {DAC30265-64F7-451E-A9B7-E1EA5458BCDF}
		{4D2C49B9-7D17-4A6E-86B1-25D74838046F} = {5F4FEA45-862A-45C7-929D-80EE104CA608}
	EndGlobalSection
EndGlobal
